
Microsoft Visual Studio Solution File, Format Version 12.00
# Visual Studio Version 16
VisualStudioVersion = 16.0.30703.110
MinimumVisualStudioVersion = 10.0.40219.1
Project("{8BC9CEB8-8B4A-11D0-8D11-00A0C91BC942}") = "Project6", "Project6\Project6.vcxproj", "{90221A18-D9EA-4411-9D3F-71F91EC72A1E}"
EndProject
Project("{8BC9CEB8-8B4A-11D0-8D11-00A0C91BC942}") = "Project1", "Project1\Project1.vcxproj", "{87093F68-BCDF-4CDA-9DB1-7B54494903A1}"
EndProject
Project("{8BC9CEB8-8B4A-11D0-8D11-00A0C91BC942}") = "Project2", "Project2\Project2.vcxproj", "{CA051BC1-9D28-4A25-A8B8-80AC7653FEAF}"
EndProject
Global
	GlobalSection(SolutionConfigurationPlatforms) = preSolution
		Debug|x64 = Debug|x64
		Debug|x86 = Debug|x86
		Release|x64 = Release|x64
		Release|x86 = Release|x86
	EndGlobalSection
	GlobalSection(ProjectConfigurationPlatforms) = postSolution
		{90221A18-D9EA-4411-9D3F-71F91EC72A1E}.Debug|x64.ActiveCfg = Debug|x64
		{90221A18-D9EA-4411-9D3F-71F91EC72A1E}.Debug|x64.Build.0 = Debug|x64
		{90221A18-D9EA-4411-9D3F-71F91EC72A1E}.Debug|x86.ActiveCfg = Debug|Win32
		{90221A18-D9EA-4411-9D3F-71F91EC72A1E}.Debug|x86.Build.0 = Debug|Win32
		{90221A18-D9EA-4411-9D3F-71F91EC72A1E}.Release|x64.ActiveCfg = Release|x64
		{90221A18-D9EA-4411-9D3F-71F91EC72A1E}.Release|x64.Build.0 = Release|x64
		{90221A18-D9EA-4411-9D3F-71F91EC72A1E}.Release|x86.ActiveCfg = Release|Win32
		{90221A18-D9EA-4411-9D3F-71F91EC72A1E}.Release|x86.Build.0 = Release|Win32
		{87093F68-BCDF-4CDA-9DB1-7B54494903A1}.Debug|x64.ActiveCfg = Debug|x64
		{87093F68-BCDF-4CDA-9DB1-7B54494903A1}.Debug|x64.Build.0 = Debug|x64
		{87093F68-BCDF-4CDA-9DB1-7B54494903A1}.Debug|x86.ActiveCfg = Debug|Win32
		{87093F68-BCDF-4CDA-9DB1-7B54494903A1}.Debug|x86.Build.0 = Debug|Win32
		{87093F68-BCDF-4CDA-9DB1-7B54494903A1}.Release|x64.ActiveCfg = Release|x64
		{87093F68-BCDF-4CDA-9DB1-7B54494903A1}.Release|x64.Build.0 = Release|x64
		{87093F68-BCDF-4CDA-9DB1-7B54494903A1}.Release|x86.ActiveCfg = Release|Win32
		{87093F68-BCDF-4CDA-9DB1-7B54494903A1}.Release|x86.Build.0 = Release|Win32
		{CA051BC1-9D28-4A25-A8B8-80AC7653FEAF}.Debug|x64.ActiveCfg = Debug|x64
		{CA051BC1-9D28-4A25-A8B8-80AC7653FEAF}.Debug|x64.Build.0 = Debug|x64
		{CA051BC1-9D28-4A25-A8B8-80AC7653FEAF}.Debug|x86.ActiveCfg = Debug|Win32
		{CA051BC1-9D28-4A25-A8B8-80AC7653FEAF}.Debug|x86.Build.0 = Debug|Win32
		{CA051BC1-9D28-4A25-A8B8-80AC7653FEAF}.Release|x64.ActiveCfg = Release|x64
		{CA051BC1-9D28-4A25-A8B8-80AC7653FEAF}.Release|x64.Build.0 = Release|x64
		{CA051BC1-9D28-4A25-A8B8-80AC7653FEAF}.Release|x86.ActiveCfg = Release|Win32
		{CA051BC1-9D28-4A25-A8B8-80AC7653FEAF}.Release|x86.Build.0 = Release|Win32
	EndGlobalSection
	GlobalSection(SolutionProperties) = preSolution
		HideSolutionNode = FALSE
	EndGlobalSection
	GlobalSection(ExtensibilityGlobals) = postSolution
		SolutionGuid = {F888F7A3-D6B7-43ED-860B-10BA6D2F5139}
	EndGlobalSection
EndGlobal
