
Microsoft Visual Studio Solution File, Format Version 12.00
# Visual Studio Version 16
VisualStudioVersion = 16.0.30703.110
MinimumVisualStudioVersion = 10.0.40219.1
Project("{8BC9CEB8-8B4A-11D0-8D11-00A0C91BC942}") = "Project3", "Project3\Project3.vcxproj", "{552F125F-B186-420F-82F2-1BA1EA966B5E}"
EndProject
Project("{8BC9CEB8-8B4A-11D0-8D11-00A0C91BC942}") = "Project1", "Project1\Project1.vcxproj", "{DCA0A480-004E-4572-9A82-A8F12D10324D}"
EndProject
Project("{8BC9CEB8-8B4A-11D0-8D11-00A0C91BC942}") = "Project2", "Project2\Project2.vcxproj", "{759E9FD7-4E67-4E65-BF6D-35C9CE17D21D}"
EndProject
Global
	GlobalSection(SolutionConfigurationPlatforms) = preSolution
		Debug|x64 = Debug|x64
		Debug|x86 = Debug|x86
		Release|x64 = Release|x64
		Release|x86 = Release|x86
	EndGlobalSection
	GlobalSection(ProjectConfigurationPlatforms) = postSolution
		{552F125F-B186-420F-82F2-1BA1EA966B5E}.Debug|x64.ActiveCfg = Debug|x64
		{552F125F-B186-420F-82F2-1BA1EA966B5E}.Debug|x64.Build.0 = Debug|x64
		{552F125F-B186-420F-82F2-1BA1EA966B5E}.Debug|x86.ActiveCfg = Debug|Win32
		{552F125F-B186-420F-82F2-1BA1EA966B5E}.Debug|x86.Build.0 = Debug|Win32
		{552F125F-B186-420F-82F2-1BA1EA966B5E}.Release|x64.ActiveCfg = Release|x64
		{552F125F-B186-420F-82F2-1BA1EA966B5E}.Release|x64.Build.0 = Release|x64
		{552F125F-B186-420F-82F2-1BA1EA966B5E}.Release|x86.ActiveCfg = Release|Win32
		{552F125F-B186-420F-82F2-1BA1EA966B5E}.Release|x86.Build.0 = Release|Win32
		{DCA0A480-004E-4572-9A82-A8F12D10324D}.Debug|x64.ActiveCfg = Debug|x64
		{DCA0A480-004E-4572-9A82-A8F12D10324D}.Debug|x64.Build.0 = Debug|x64
		{DCA0A480-004E-4572-9A82-A8F12D10324D}.Debug|x86.ActiveCfg = Debug|Win32
		{DCA0A480-004E-4572-9A82-A8F12D10324D}.Debug|x86.Build.0 = Debug|Win32
		{DCA0A480-004E-4572-9A82-A8F12D10324D}.Release|x64.ActiveCfg = Release|x64
		{DCA0A480-004E-4572-9A82-A8F12D10324D}.Release|x64.Build.0 = Release|x64
		{DCA0A480-004E-4572-9A82-A8F12D10324D}.Release|x86.ActiveCfg = Release|Win32
		{DCA0A480-004E-4572-9A82-A8F12D10324D}.Release|x86.Build.0 = Release|Win32
		{759E9FD7-4E67-4E65-BF6D-35C9CE17D21D}.Debug|x64.ActiveCfg = Debug|x64
		{759E9FD7-4E67-4E65-BF6D-35C9CE17D21D}.Debug|x64.Build.0 = Debug|x64
		{759E9FD7-4E67-4E65-BF6D-35C9CE17D21D}.Debug|x86.ActiveCfg = Debug|Win32
		{759E9FD7-4E67-4E65-BF6D-35C9CE17D21D}.Debug|x86.Build.0 = Debug|Win32
		{759E9FD7-4E67-4E65-BF6D-35C9CE17D21D}.Release|x64.ActiveCfg = Release|x64
		{759E9FD7-4E67-4E65-BF6D-35C9CE17D21D}.Release|x64.Build.0 = Release|x64
		{759E9FD7-4E67-4E65-BF6D-35C9CE17D21D}.Release|x86.ActiveCfg = Release|Win32
		{759E9FD7-4E67-4E65-BF6D-35C9CE17D21D}.Release|x86.Build.0 = Release|Win32
	EndGlobalSection
	GlobalSection(SolutionProperties) = preSolution
		HideSolutionNode = FALSE
	EndGlobalSection
	GlobalSection(ExtensibilityGlobals) = postSolution
		SolutionGuid = {4FC6A3BA-0D9E-4B24-9E4A-247AA5544B87}
	EndGlobalSection
EndGlobal
